# This file is autogenerated, do not edit; changes may be undone by the next 'dep ensure'.


[[projects]]
  branch = "master"
  name = "github.com/go-faces/logger"
  packages = ["."]
  revision = "4c110d62c1fcec24bf68bc2561395e9a1dac2e79"

[solve-meta]
  analyzer-name = "dep"
  analyzer-version = 1
  inputs-digest = "bf696c177150f73d5c4e5a444457fcecc678851fb0e58183966e87102f70a6b8"
  solver-name = "gps-cdcl"
  solver-version = 1
